// !$*UTF8*$!
{
	archiveVersion = 1;
	classes = {
	};
	objectVersion = 51;
	objects = {

/* Begin PBXBuildFile section */
		305D3FA4243EF32E0000493A /* Page.swift in Sources */ = {isa = PBXBuildFile; fileRef = 305D3FA3243EF32E0000493A /* Page.swift */; };
		3097E66624390213009AC21D /* SearchService.swift in Sources */ = {isa = PBXBuildFile; fileRef = 3097E66524390213009AC21D /* SearchService.swift */; };
		3097E6682439024A009AC21D /* SearchServiceImpl.swift in Sources */ = {isa = PBXBuildFile; fileRef = 3097E6672439024A009AC21D /* SearchServiceImpl.swift */; };
		30C12F83244780F60060AC86 /* GameSearchViewControllerTest.swift in Sources */ = {isa = PBXBuildFile; fileRef = 30C12F82244780F60060AC86 /* GameSearchViewControllerTest.swift */; };
		30FA66BE24390F9A002C9595 /* Response.swift in Sources */ = {isa = PBXBuildFile; fileRef = 30FA66BD24390F9A002C9595 /* Response.swift */; };
		30FA66C024391039002C9595 /* Dependencies.swift in Sources */ = {isa = PBXBuildFile; fileRef = 30FA66BF24391039002C9595 /* Dependencies.swift */; };
		3F9D0046B67186372AD7CD24 /* Pods_GameStarDBTests.framework in Frameworks */ = {isa = PBXBuildFile; fileRef = 0AF8E989B392C0BF090971D2 /* Pods_GameStarDBTests.framework */; };
		8FCA5A17820A32023ED75DBD /* Pods_GameStarDB.framework in Frameworks */ = {isa = PBXBuildFile; fileRef = D07C1695201872AF5CDC5225 /* Pods_GameStarDB.framework */; };
		A321CFC923CB6F2D0013E851 /* UIAlertControllerExtension.swift in Sources */ = {isa = PBXBuildFile; fileRef = A321CFC823CB6F2D0013E851 /* UIAlertControllerExtension.swift */; };
		A321CFCB23CB7CD10013E851 /* GameSearchTableViewCell.swift in Sources */ = {isa = PBXBuildFile; fileRef = A321CFCA23CB7CD10013E851 /* GameSearchTableViewCell.swift */; };
		A321CFCD23CB88E00013E851 /* UIImageViewExtension.swift in Sources */ = {isa = PBXBuildFile; fileRef = A321CFCC23CB88E00013E851 /* UIImageViewExtension.swift */; };
		A3A381BB23C2398E00C02ABD /* AppDelegate.swift in Sources */ = {isa = PBXBuildFile; fileRef = A3A381BA23C2398E00C02ABD /* AppDelegate.swift */; };
		A3A381C223C2398E00C02ABD /* GameSearchViewController.storyboard in Resources */ = {isa = PBXBuildFile; fileRef = A3A381C023C2398E00C02ABD /* GameSearchViewController.storyboard */; };
		A3A381C423C2399300C02ABD /* Assets.xcassets in Resources */ = {isa = PBXBuildFile; fileRef = A3A381C323C2399300C02ABD /* Assets.xcassets */; };
		A3A381C723C2399300C02ABD /* LaunchScreen.storyboard in Resources */ = {isa = PBXBuildFile; fileRef = A3A381C523C2399300C02ABD /* LaunchScreen.storyboard */; };
		A3A381D223C2399300C02ABD /* GameStarDBTests.swift in Sources */ = {isa = PBXBuildFile; fileRef = A3A381D123C2399300C02ABD /* GameStarDBTests.swift */; };
		A3A381DD23C2399300C02ABD /* GameStarDBUITests.swift in Sources */ = {isa = PBXBuildFile; fileRef = A3A381DC23C2399300C02ABD /* GameStarDBUITests.swift */; };
		A3A381EB23C2432D00C02ABD /* IGDB.swift in Sources */ = {isa = PBXBuildFile; fileRef = A3A381EA23C2432D00C02ABD /* IGDB.swift */; };
		A3A381ED23C3787F00C02ABD /* GameSearchViewController.swift in Sources */ = {isa = PBXBuildFile; fileRef = A3A381EC23C3787F00C02ABD /* GameSearchViewController.swift */; };
		A3A381F623C38F6200C02ABD /* GameSearchViewModel.swift in Sources */ = {isa = PBXBuildFile; fileRef = A3A381F523C38F6200C02ABD /* GameSearchViewModel.swift */; };
		A3A381F823C3B5F000C02ABD /* GameListItem.swift in Sources */ = {isa = PBXBuildFile; fileRef = A3A381F723C3B5EF00C02ABD /* GameListItem.swift */; };
		B27EE487385CF46B47DFE4E6 /* Pods_GameStarDB_GameStarDBUITests.framework in Frameworks */ = {isa = PBXBuildFile; fileRef = BD92CC86DF976CF6080ED63E /* Pods_GameStarDB_GameStarDBUITests.framework */; };
/* End PBXBuildFile section */

/* Begin PBXContainerItemProxy section */
		A3A381CE23C2399300C02ABD /* PBXContainerItemProxy */ = {
			isa = PBXContainerItemProxy;
			containerPortal = A3A381AF23C2398E00C02ABD /* Project object */;
			proxyType = 1;
			remoteGlobalIDString = A3A381B623C2398E00C02ABD;
			remoteInfo = GameStarDB;
		};
		A3A381D923C2399300C02ABD /* PBXContainerItemProxy */ = {
			isa = PBXContainerItemProxy;
			containerPortal = A3A381AF23C2398E00C02ABD /* Project object */;
			proxyType = 1;
			remoteGlobalIDString = A3A381B623C2398E00C02ABD;
			remoteInfo = GameStarDB;
		};
/* End PBXContainerItemProxy section */

/* Begin PBXFileReference section */
		0AF8E989B392C0BF090971D2 /* Pods_GameStarDBTests.framework */ = {isa = PBXFileReference; explicitFileType = wrapper.framework; includeInIndex = 0; path = Pods_GameStarDBTests.framework; sourceTree = BUILT_PRODUCTS_DIR; };
		0E0359C9E3631B2CBD3C9F6F /* Pods-GameStarDB.debug.xcconfig */ = {isa = PBXFileReference; includeInIndex = 1; lastKnownFileType = text.xcconfig; name = "Pods-GameStarDB.debug.xcconfig"; path = "Target Support Files/Pods-GameStarDB/Pods-GameStarDB.debug.xcconfig"; sourceTree = "<group>"; };
		305D3FA3243EF32E0000493A /* Page.swift */ = {isa = PBXFileReference; lastKnownFileType = sourcecode.swift; path = Page.swift; sourceTree = "<group>"; };
		3097E66524390213009AC21D /* SearchService.swift */ = {isa = PBXFileReference; lastKnownFileType = sourcecode.swift; path = SearchService.swift; sourceTree = "<group>"; };
		3097E6672439024A009AC21D /* SearchServiceImpl.swift */ = {isa = PBXFileReference; lastKnownFileType = sourcecode.swift; path = SearchServiceImpl.swift; sourceTree = "<group>"; };
		30C12F82244780F60060AC86 /* GameSearchViewControllerTest.swift */ = {isa = PBXFileReference; lastKnownFileType = sourcecode.swift; path = GameSearchViewControllerTest.swift; sourceTree = "<group>"; };
		30FA66BD24390F9A002C9595 /* Response.swift */ = {isa = PBXFileReference; lastKnownFileType = sourcecode.swift; path = Response.swift; sourceTree = "<group>"; };
		30FA66BF24391039002C9595 /* Dependencies.swift */ = {isa = PBXFileReference; lastKnownFileType = sourcecode.swift; path = Dependencies.swift; sourceTree = "<group>"; };
		4ACBFE9001AA17AEC645FDA3 /* Pods-GameStarDB.release.xcconfig */ = {isa = PBXFileReference; includeInIndex = 1; lastKnownFileType = text.xcconfig; name = "Pods-GameStarDB.release.xcconfig"; path = "Target Support Files/Pods-GameStarDB/Pods-GameStarDB.release.xcconfig"; sourceTree = "<group>"; };
		8CE08F623813FD643A130D20 /* Pods-GameStarDB-GameStarDBUITests.release.xcconfig */ = {isa = PBXFileReference; includeInIndex = 1; lastKnownFileType = text.xcconfig; name = "Pods-GameStarDB-GameStarDBUITests.release.xcconfig"; path = "Target Support Files/Pods-GameStarDB-GameStarDBUITests/Pods-GameStarDB-GameStarDBUITests.release.xcconfig"; sourceTree = "<group>"; };
		A321CFC823CB6F2D0013E851 /* UIAlertControllerExtension.swift */ = {isa = PBXFileReference; lastKnownFileType = sourcecode.swift; path = UIAlertControllerExtension.swift; sourceTree = "<group>"; };
		A321CFCA23CB7CD10013E851 /* GameSearchTableViewCell.swift */ = {isa = PBXFileReference; lastKnownFileType = sourcecode.swift; path = GameSearchTableViewCell.swift; sourceTree = "<group>"; };
		A321CFCC23CB88E00013E851 /* UIImageViewExtension.swift */ = {isa = PBXFileReference; lastKnownFileType = sourcecode.swift; path = UIImageViewExtension.swift; sourceTree = "<group>"; };
		A3A381B723C2398E00C02ABD /* GameStarDB.app */ = {isa = PBXFileReference; explicitFileType = wrapper.application; includeInIndex = 0; path = GameStarDB.app; sourceTree = BUILT_PRODUCTS_DIR; };
		A3A381BA23C2398E00C02ABD /* AppDelegate.swift */ = {isa = PBXFileReference; lastKnownFileType = sourcecode.swift; path = AppDelegate.swift; sourceTree = "<group>"; };
		A3A381C123C2398E00C02ABD /* Base */ = {isa = PBXFileReference; lastKnownFileType = file.storyboard; name = Base; path = Base.lproj/GameSearchViewController.storyboard; sourceTree = "<group>"; };
		A3A381C323C2399300C02ABD /* Assets.xcassets */ = {isa = PBXFileReference; lastKnownFileType = folder.assetcatalog; path = Assets.xcassets; sourceTree = "<group>"; };
		A3A381C623C2399300C02ABD /* Base */ = {isa = PBXFileReference; lastKnownFileType = file.storyboard; name = Base; path = Base.lproj/LaunchScreen.storyboard; sourceTree = "<group>"; };
		A3A381C823C2399300C02ABD /* Info.plist */ = {isa = PBXFileReference; lastKnownFileType = text.plist.xml; path = Info.plist; sourceTree = "<group>"; };
		A3A381CD23C2399300C02ABD /* GameStarDBTests.xctest */ = {isa = PBXFileReference; explicitFileType = wrapper.cfbundle; includeInIndex = 0; path = GameStarDBTests.xctest; sourceTree = BUILT_PRODUCTS_DIR; };
		A3A381D123C2399300C02ABD /* GameStarDBTests.swift */ = {isa = PBXFileReference; lastKnownFileType = sourcecode.swift; path = GameStarDBTests.swift; sourceTree = "<group>"; };
		A3A381D323C2399300C02ABD /* Info.plist */ = {isa = PBXFileReference; lastKnownFileType = text.plist.xml; path = Info.plist; sourceTree = "<group>"; };
		A3A381D823C2399300C02ABD /* GameStarDBUITests.xctest */ = {isa = PBXFileReference; explicitFileType = wrapper.cfbundle; includeInIndex = 0; path = GameStarDBUITests.xctest; sourceTree = BUILT_PRODUCTS_DIR; };
		A3A381DC23C2399300C02ABD /* GameStarDBUITests.swift */ = {isa = PBXFileReference; lastKnownFileType = sourcecode.swift; path = GameStarDBUITests.swift; sourceTree = "<group>"; };
		A3A381DE23C2399300C02ABD /* Info.plist */ = {isa = PBXFileReference; lastKnownFileType = text.plist.xml; path = Info.plist; sourceTree = "<group>"; };
		A3A381EA23C2432D00C02ABD /* IGDB.swift */ = {isa = PBXFileReference; lastKnownFileType = sourcecode.swift; path = IGDB.swift; sourceTree = "<group>"; };
		A3A381EC23C3787F00C02ABD /* GameSearchViewController.swift */ = {isa = PBXFileReference; lastKnownFileType = sourcecode.swift; path = GameSearchViewController.swift; sourceTree = "<group>"; };
		A3A381F523C38F6200C02ABD /* GameSearchViewModel.swift */ = {isa = PBXFileReference; lastKnownFileType = sourcecode.swift; path = GameSearchViewModel.swift; sourceTree = "<group>"; };
		A3A381F723C3B5EF00C02ABD /* GameListItem.swift */ = {isa = PBXFileReference; lastKnownFileType = sourcecode.swift; path = GameListItem.swift; sourceTree = "<group>"; };
		A5FE303FA31D6569C4759A74 /* Pods-GameStarDBTests.debug.xcconfig */ = {isa = PBXFileReference; includeInIndex = 1; lastKnownFileType = text.xcconfig; name = "Pods-GameStarDBTests.debug.xcconfig"; path = "Target Support Files/Pods-GameStarDBTests/Pods-GameStarDBTests.debug.xcconfig"; sourceTree = "<group>"; };
		BD92CC86DF976CF6080ED63E /* Pods_GameStarDB_GameStarDBUITests.framework */ = {isa = PBXFileReference; explicitFileType = wrapper.framework; includeInIndex = 0; path = Pods_GameStarDB_GameStarDBUITests.framework; sourceTree = BUILT_PRODUCTS_DIR; };
		D07C1695201872AF5CDC5225 /* Pods_GameStarDB.framework */ = {isa = PBXFileReference; explicitFileType = wrapper.framework; includeInIndex = 0; path = Pods_GameStarDB.framework; sourceTree = BUILT_PRODUCTS_DIR; };
		E8C5EA99668F8FE7103BFE2E /* Pods-GameStarDBTests.release.xcconfig */ = {isa = PBXFileReference; includeInIndex = 1; lastKnownFileType = text.xcconfig; name = "Pods-GameStarDBTests.release.xcconfig"; path = "Target Support Files/Pods-GameStarDBTests/Pods-GameStarDBTests.release.xcconfig"; sourceTree = "<group>"; };
		F5D36F06BAA90AAC6F658FBF /* Pods-GameStarDB-GameStarDBUITests.debug.xcconfig */ = {isa = PBXFileReference; includeInIndex = 1; lastKnownFileType = text.xcconfig; name = "Pods-GameStarDB-GameStarDBUITests.debug.xcconfig"; path = "Target Support Files/Pods-GameStarDB-GameStarDBUITests/Pods-GameStarDB-GameStarDBUITests.debug.xcconfig"; sourceTree = "<group>"; };
/* End PBXFileReference section */

/* Begin PBXFrameworksBuildPhase section */
		A3A381B423C2398E00C02ABD /* Frameworks */ = {
			isa = PBXFrameworksBuildPhase;
			buildActionMask = 2147483647;
			files = (
				8FCA5A17820A32023ED75DBD /* Pods_GameStarDB.framework in Frameworks */,
			);
			runOnlyForDeploymentPostprocessing = 0;
		};
		A3A381CA23C2399300C02ABD /* Frameworks */ = {
			isa = PBXFrameworksBuildPhase;
			buildActionMask = 2147483647;
			files = (
				3F9D0046B67186372AD7CD24 /* Pods_GameStarDBTests.framework in Frameworks */,
			);
			runOnlyForDeploymentPostprocessing = 0;
		};
		A3A381D523C2399300C02ABD /* Frameworks */ = {
			isa = PBXFrameworksBuildPhase;
			buildActionMask = 2147483647;
			files = (
				B27EE487385CF46B47DFE4E6 /* Pods_GameStarDB_GameStarDBUITests.framework in Frameworks */,
			);
			runOnlyForDeploymentPostprocessing = 0;
		};
/* End PBXFrameworksBuildPhase section */

/* Begin PBXGroup section */
		3097E6632438E7EE009AC21D /* Service */ = {
			isa = PBXGroup;
			children = (
				3097E66524390213009AC21D /* SearchService.swift */,
				3097E6672439024A009AC21D /* SearchServiceImpl.swift */,
				30FA66BF24391039002C9595 /* Dependencies.swift */,
			);
			path = Service;
			sourceTree = "<group>";
		};
		3097E6642438E80F009AC21D /* Application */ = {
			isa = PBXGroup;
			children = (
				A3A381BA23C2398E00C02ABD /* AppDelegate.swift */,
			);
			path = Application;
			sourceTree = "<group>";
		};
		30C12F80244780D20060AC86 /* Screen */ = {
			isa = PBXGroup;
			children = (
				30C12F81244780DB0060AC86 /* Search */,
			);
			path = Screen;
			sourceTree = "<group>";
		};
		30C12F81244780DB0060AC86 /* Search */ = {
			isa = PBXGroup;
			children = (
				30C12F82244780F60060AC86 /* GameSearchViewControllerTest.swift */,
			);
			path = Search;
			sourceTree = "<group>";
		};
		A321CFC423CA7BD20013E851 /* Extensions */ = {
			isa = PBXGroup;
			children = (
				A321CFC823CB6F2D0013E851 /* UIAlertControllerExtension.swift */,
				A321CFCC23CB88E00013E851 /* UIImageViewExtension.swift */,
			);
			path = Extensions;
			sourceTree = "<group>";
		};
		A3A381AE23C2398E00C02ABD = {
			isa = PBXGroup;
			children = (
				A3A381B923C2398E00C02ABD /* GameStarDB */,
				A3A381D023C2399300C02ABD /* GameStarDBTests */,
				A3A381DB23C2399300C02ABD /* GameStarDBUITests */,
				A3A381B823C2398E00C02ABD /* Products */,
				D9801EB2DD3391295278CA1D /* Pods */,
				E7A80143F27C4027FB6AB0CD /* Frameworks */,
			);
			sourceTree = "<group>";
		};
		A3A381B823C2398E00C02ABD /* Products */ = {
			isa = PBXGroup;
			children = (
				A3A381B723C2398E00C02ABD /* GameStarDB.app */,
				A3A381CD23C2399300C02ABD /* GameStarDBTests.xctest */,
				A3A381D823C2399300C02ABD /* GameStarDBUITests.xctest */,
			);
			name = Products;
			sourceTree = "<group>";
		};
		A3A381B923C2398E00C02ABD /* GameStarDB */ = {
			isa = PBXGroup;
			children = (
				3097E6642438E80F009AC21D /* Application */,
				3097E6632438E7EE009AC21D /* Service */,
				A321CFC423CA7BD20013E851 /* Extensions */,
				A3A381F323C38E5000C02ABD /* SupportingFiles */,
				A3A381EE23C38DEC00C02ABD /* MVVM */,
			);
			path = GameStarDB;
			sourceTree = "<group>";
		};
		A3A381D023C2399300C02ABD /* GameStarDBTests */ = {
			isa = PBXGroup;
			children = (
				30C12F80244780D20060AC86 /* Screen */,
				A3A381D123C2399300C02ABD /* GameStarDBTests.swift */,
				A3A381D323C2399300C02ABD /* Info.plist */,
			);
			path = GameStarDBTests;
			sourceTree = "<group>";
		};
		A3A381DB23C2399300C02ABD /* GameStarDBUITests */ = {
			isa = PBXGroup;
			children = (
				A3A381DC23C2399300C02ABD /* GameStarDBUITests.swift */,
				A3A381DE23C2399300C02ABD /* Info.plist */,
			);
			path = GameStarDBUITests;
			sourceTree = "<group>";
		};
		A3A381EE23C38DEC00C02ABD /* MVVM */ = {
			isa = PBXGroup;
			children = (
				A3A381F123C38E1E00C02ABD /* Model */,
				A3A381F023C38E1600C02ABD /* ViewModel */,
				A3A381EF23C38E0500C02ABD /* View */,
			);
			path = MVVM;
			sourceTree = "<group>";
		};
		A3A381EF23C38E0500C02ABD /* View */ = {
			isa = PBXGroup;
			children = (
				A3A381C023C2398E00C02ABD /* GameSearchViewController.storyboard */,
				A3A381EC23C3787F00C02ABD /* GameSearchViewController.swift */,
				A321CFCA23CB7CD10013E851 /* GameSearchTableViewCell.swift */,
			);
			path = View;
			sourceTree = "<group>";
		};
		A3A381F023C38E1600C02ABD /* ViewModel */ = {
			isa = PBXGroup;
			children = (
				A3A381F523C38F6200C02ABD /* GameSearchViewModel.swift */,
			);
			path = ViewModel;
			sourceTree = "<group>";
		};
		A3A381F123C38E1E00C02ABD /* Model */ = {
			isa = PBXGroup;
			children = (
				A3A381F723C3B5EF00C02ABD /* GameListItem.swift */,
				30FA66BD24390F9A002C9595 /* Response.swift */,
				305D3FA3243EF32E0000493A /* Page.swift */,
			);
			path = Model;
			sourceTree = "<group>";
		};
		A3A381F323C38E5000C02ABD /* SupportingFiles */ = {
			isa = PBXGroup;
			children = (
				A3A381C323C2399300C02ABD /* Assets.xcassets */,
				A3A381C523C2399300C02ABD /* LaunchScreen.storyboard */,
				A3A381C823C2399300C02ABD /* Info.plist */,
				A3A381EA23C2432D00C02ABD /* IGDB.swift */,
			);
			path = SupportingFiles;
			sourceTree = "<group>";
		};
		D9801EB2DD3391295278CA1D /* Pods */ = {
			isa = PBXGroup;
			children = (
				0E0359C9E3631B2CBD3C9F6F /* Pods-GameStarDB.debug.xcconfig */,
				4ACBFE9001AA17AEC645FDA3 /* Pods-GameStarDB.release.xcconfig */,
				F5D36F06BAA90AAC6F658FBF /* Pods-GameStarDB-GameStarDBUITests.debug.xcconfig */,
				8CE08F623813FD643A130D20 /* Pods-GameStarDB-GameStarDBUITests.release.xcconfig */,
				A5FE303FA31D6569C4759A74 /* Pods-GameStarDBTests.debug.xcconfig */,
				E8C5EA99668F8FE7103BFE2E /* Pods-GameStarDBTests.release.xcconfig */,
			);
			path = Pods;
			sourceTree = "<group>";
		};
		E7A80143F27C4027FB6AB0CD /* Frameworks */ = {
			isa = PBXGroup;
			children = (
				D07C1695201872AF5CDC5225 /* Pods_GameStarDB.framework */,
				BD92CC86DF976CF6080ED63E /* Pods_GameStarDB_GameStarDBUITests.framework */,
				0AF8E989B392C0BF090971D2 /* Pods_GameStarDBTests.framework */,
			);
			name = Frameworks;
			sourceTree = "<group>";
		};
/* End PBXGroup section */

/* Begin PBXNativeTarget section */
		A3A381B623C2398E00C02ABD /* GameStarDB */ = {
			isa = PBXNativeTarget;
			buildConfigurationList = A3A381E123C2399300C02ABD /* Build configuration list for PBXNativeTarget "GameStarDB" */;
			buildPhases = (
				A4A50FA07E35B90137177C77 /* [CP] Check Pods Manifest.lock */,
				A3A381B323C2398E00C02ABD /* Sources */,
				A3A381B423C2398E00C02ABD /* Frameworks */,
				A3A381B523C2398E00C02ABD /* Resources */,
				9CDA1526AA8A0821CF983D80 /* [CP] Embed Pods Frameworks */,
			);
			buildRules = (
			);
			dependencies = (
			);
			name = GameStarDB;
			productName = GameStarDB;
			productReference = A3A381B723C2398E00C02ABD /* GameStarDB.app */;
			productType = "com.apple.product-type.application";
		};
		A3A381CC23C2399300C02ABD /* GameStarDBTests */ = {
			isa = PBXNativeTarget;
			buildConfigurationList = A3A381E423C2399300C02ABD /* Build configuration list for PBXNativeTarget "GameStarDBTests" */;
			buildPhases = (
				259E95D4DFDF2E8C9EF67DAD /* [CP] Check Pods Manifest.lock */,
				A3A381C923C2399300C02ABD /* Sources */,
				A3A381CA23C2399300C02ABD /* Frameworks */,
				A3A381CB23C2399300C02ABD /* Resources */,
				23587C4B317B789574D078F4 /* [CP] Embed Pods Frameworks */,
			);
			buildRules = (
			);
			dependencies = (
				A3A381CF23C2399300C02ABD /* PBXTargetDependency */,
			);
			name = GameStarDBTests;
			productName = GameStarDBTests;
			productReference = A3A381CD23C2399300C02ABD /* GameStarDBTests.xctest */;
			productType = "com.apple.product-type.bundle.unit-test";
		};
		A3A381D723C2399300C02ABD /* GameStarDBUITests */ = {
			isa = PBXNativeTarget;
			buildConfigurationList = A3A381E723C2399300C02ABD /* Build configuration list for PBXNativeTarget "GameStarDBUITests" */;
			buildPhases = (
				CE002505C5665298C3224E6A /* [CP] Check Pods Manifest.lock */,
				A3A381D423C2399300C02ABD /* Sources */,
				A3A381D523C2399300C02ABD /* Frameworks */,
				A3A381D623C2399300C02ABD /* Resources */,
				D980BEC94CAE446DD588C670 /* [CP] Embed Pods Frameworks */,
			);
			buildRules = (
			);
			dependencies = (
				A3A381DA23C2399300C02ABD /* PBXTargetDependency */,
			);
			name = GameStarDBUITests;
			productName = GameStarDBUITests;
			productReference = A3A381D823C2399300C02ABD /* GameStarDBUITests.xctest */;
			productType = "com.apple.product-type.bundle.ui-testing";
		};
/* End PBXNativeTarget section */

/* Begin PBXProject section */
		A3A381AF23C2398E00C02ABD /* Project object */ = {
			isa = PBXProject;
			attributes = {
				LastSwiftUpdateCheck = 1120;
				LastUpgradeCheck = 1120;
				ORGANIZATIONNAME = "Roman Osadchuk";
				TargetAttributes = {
					A3A381B623C2398E00C02ABD = {
						CreatedOnToolsVersion = 11.2;
					};
					A3A381CC23C2399300C02ABD = {
						CreatedOnToolsVersion = 11.2;
						TestTargetID = A3A381B623C2398E00C02ABD;
					};
					A3A381D723C2399300C02ABD = {
						CreatedOnToolsVersion = 11.2;
						TestTargetID = A3A381B623C2398E00C02ABD;
					};
				};
			};
			buildConfigurationList = A3A381B223C2398E00C02ABD /* Build configuration list for PBXProject "GameStarDB" */;
			compatibilityVersion = "Xcode 9.3";
			developmentRegion = en;
			hasScannedForEncodings = 0;
			knownRegions = (
				en,
				Base,
			);
			mainGroup = A3A381AE23C2398E00C02ABD;
			productRefGroup = A3A381B823C2398E00C02ABD /* Products */;
			projectDirPath = "";
			projectRoot = "";
			targets = (
				A3A381B623C2398E00C02ABD /* GameStarDB */,
				A3A381CC23C2399300C02ABD /* GameStarDBTests */,
				A3A381D723C2399300C02ABD /* GameStarDBUITests */,
			);
		};
/* End PBXProject section */

/* Begin PBXResourcesBuildPhase section */
		A3A381B523C2398E00C02ABD /* Resources */ = {
			isa = PBXResourcesBuildPhase;
			buildActionMask = 2147483647;
			files = (
				A3A381C723C2399300C02ABD /* LaunchScreen.storyboard in Resources */,
				A3A381C423C2399300C02ABD /* Assets.xcassets in Resources */,
				A3A381C223C2398E00C02ABD /* GameSearchViewController.storyboard in Resources */,
			);
			runOnlyForDeploymentPostprocessing = 0;
		};
		A3A381CB23C2399300C02ABD /* Resources */ = {
			isa = PBXResourcesBuildPhase;
			buildActionMask = 2147483647;
			files = (
			);
			runOnlyForDeploymentPostprocessing = 0;
		};
		A3A381D623C2399300C02ABD /* Resources */ = {
			isa = PBXResourcesBuildPhase;
			buildActionMask = 2147483647;
			files = (
			);
			runOnlyForDeploymentPostprocessing = 0;
		};
/* End PBXResourcesBuildPhase section */

/* Begin PBXShellScriptBuildPhase section */
		23587C4B317B789574D078F4 /* [CP] Embed Pods Frameworks */ = {
			isa = PBXShellScriptBuildPhase;
			buildActionMask = 2147483647;
			files = (
			);
			inputFileListPaths = (
				"${PODS_ROOT}/Target Support Files/Pods-GameStarDBTests/Pods-GameStarDBTests-frameworks-${CONFIGURATION}-input-files.xcfilelist",
			);
			name = "[CP] Embed Pods Frameworks";
			outputFileListPaths = (
				"${PODS_ROOT}/Target Support Files/Pods-GameStarDBTests/Pods-GameStarDBTests-frameworks-${CONFIGURATION}-output-files.xcfilelist",
			);
			runOnlyForDeploymentPostprocessing = 0;
			shellPath = /bin/sh;
			shellScript = "\"${PODS_ROOT}/Target Support Files/Pods-GameStarDBTests/Pods-GameStarDBTests-frameworks.sh\"\n";
			showEnvVarsInLog = 0;
		};
		259E95D4DFDF2E8C9EF67DAD /* [CP] Check Pods Manifest.lock */ = {
			isa = PBXShellScriptBuildPhase;
			buildActionMask = 2147483647;
			files = (
			);
			inputFileListPaths = (
			);
			inputPaths = (
				"${PODS_PODFILE_DIR_PATH}/Podfile.lock",
				"${PODS_ROOT}/Manifest.lock",
			);
			name = "[CP] Check Pods Manifest.lock";
			outputFileListPaths = (
			);
			outputPaths = (
				"$(DERIVED_FILE_DIR)/Pods-GameStarDBTests-checkManifestLockResult.txt",
			);
			runOnlyForDeploymentPostprocessing = 0;
			shellPath = /bin/sh;
			shellScript = "diff \"${PODS_PODFILE_DIR_PATH}/Podfile.lock\" \"${PODS_ROOT}/Manifest.lock\" > /dev/null\nif [ $? != 0 ] ; then\n    # print error to STDERR\n    echo \"error: The sandbox is not in sync with the Podfile.lock. Run 'pod install' or update your CocoaPods installation.\" >&2\n    exit 1\nfi\n# This output is used by Xcode 'outputs' to avoid re-running this script phase.\necho \"SUCCESS\" > \"${SCRIPT_OUTPUT_FILE_0}\"\n";
			showEnvVarsInLog = 0;
		};
		9CDA1526AA8A0821CF983D80 /* [CP] Embed Pods Frameworks */ = {
			isa = PBXShellScriptBuildPhase;
			buildActionMask = 2147483647;
			files = (
			);
			inputFileListPaths = (
				"${PODS_ROOT}/Target Support Files/Pods-GameStarDB/Pods-GameStarDB-frameworks-${CONFIGURATION}-input-files.xcfilelist",
			);
			name = "[CP] Embed Pods Frameworks";
			outputFileListPaths = (
				"${PODS_ROOT}/Target Support Files/Pods-GameStarDB/Pods-GameStarDB-frameworks-${CONFIGURATION}-output-files.xcfilelist",
			);
			runOnlyForDeploymentPostprocessing = 0;
			shellPath = /bin/sh;
			shellScript = "\"${PODS_ROOT}/Target Support Files/Pods-GameStarDB/Pods-GameStarDB-frameworks.sh\"\n";
			showEnvVarsInLog = 0;
		};
		A4A50FA07E35B90137177C77 /* [CP] Check Pods Manifest.lock */ = {
			isa = PBXShellScriptBuildPhase;
			buildActionMask = 2147483647;
			files = (
			);
			inputFileListPaths = (
			);
			inputPaths = (
				"${PODS_PODFILE_DIR_PATH}/Podfile.lock",
				"${PODS_ROOT}/Manifest.lock",
			);
			name = "[CP] Check Pods Manifest.lock";
			outputFileListPaths = (
			);
			outputPaths = (
				"$(DERIVED_FILE_DIR)/Pods-GameStarDB-checkManifestLockResult.txt",
			);
			runOnlyForDeploymentPostprocessing = 0;
			shellPath = /bin/sh;
			shellScript = "diff \"${PODS_PODFILE_DIR_PATH}/Podfile.lock\" \"${PODS_ROOT}/Manifest.lock\" > /dev/null\nif [ $? != 0 ] ; then\n    # print error to STDERR\n    echo \"error: The sandbox is not in sync with the Podfile.lock. Run 'pod install' or update your CocoaPods installation.\" >&2\n    exit 1\nfi\n# This output is used by Xcode 'outputs' to avoid re-running this script phase.\necho \"SUCCESS\" > \"${SCRIPT_OUTPUT_FILE_0}\"\n";
			showEnvVarsInLog = 0;
		};
		CE002505C5665298C3224E6A /* [CP] Check Pods Manifest.lock */ = {
			isa = PBXShellScriptBuildPhase;
			buildActionMask = 2147483647;
			files = (
			);
			inputFileListPaths = (
			);
			inputPaths = (
				"${PODS_PODFILE_DIR_PATH}/Podfile.lock",
				"${PODS_ROOT}/Manifest.lock",
			);
			name = "[CP] Check Pods Manifest.lock";
			outputFileListPaths = (
			);
			outputPaths = (
				"$(DERIVED_FILE_DIR)/Pods-GameStarDB-GameStarDBUITests-checkManifestLockResult.txt",
			);
			runOnlyForDeploymentPostprocessing = 0;
			shellPath = /bin/sh;
			shellScript = "diff \"${PODS_PODFILE_DIR_PATH}/Podfile.lock\" \"${PODS_ROOT}/Manifest.lock\" > /dev/null\nif [ $? != 0 ] ; then\n    # print error to STDERR\n    echo \"error: The sandbox is not in sync with the Podfile.lock. Run 'pod install' or update your CocoaPods installation.\" >&2\n    exit 1\nfi\n# This output is used by Xcode 'outputs' to avoid re-running this script phase.\necho \"SUCCESS\" > \"${SCRIPT_OUTPUT_FILE_0}\"\n";
			showEnvVarsInLog = 0;
		};
		D980BEC94CAE446DD588C670 /* [CP] Embed Pods Frameworks */ = {
			isa = PBXShellScriptBuildPhase;
			buildActionMask = 2147483647;
			files = (
			);
			inputFileListPaths = (
				"${PODS_ROOT}/Target Support Files/Pods-GameStarDB-GameStarDBUITests/Pods-GameStarDB-GameStarDBUITests-frameworks-${CONFIGURATION}-input-files.xcfilelist",
			);
			name = "[CP] Embed Pods Frameworks";
			outputFileListPaths = (
				"${PODS_ROOT}/Target Support Files/Pods-GameStarDB-GameStarDBUITests/Pods-GameStarDB-GameStarDBUITests-frameworks-${CONFIGURATION}-output-files.xcfilelist",
			);
			runOnlyForDeploymentPostprocessing = 0;
			shellPath = /bin/sh;
			shellScript = "\"${PODS_ROOT}/Target Support Files/Pods-GameStarDB-GameStarDBUITests/Pods-GameStarDB-GameStarDBUITests-frameworks.sh\"\n";
			showEnvVarsInLog = 0;
		};
/* End PBXShellScriptBuildPhase section */

/* Begin PBXSourcesBuildPhase section */
		A3A381B323C2398E00C02ABD /* Sources */ = {
			isa = PBXSourcesBuildPhase;
			buildActionMask = 2147483647;
			files = (
				A3A381F823C3B5F000C02ABD /* GameListItem.swift in Sources */,
				A3A381F623C38F6200C02ABD /* GameSearchViewModel.swift in Sources */,
				305D3FA4243EF32E0000493A /* Page.swift in Sources */,
				A3A381BB23C2398E00C02ABD /* AppDelegate.swift in Sources */,
				30FA66C024391039002C9595 /* Dependencies.swift in Sources */,
				A3A381EB23C2432D00C02ABD /* IGDB.swift in Sources */,
				A321CFC923CB6F2D0013E851 /* UIAlertControllerExtension.swift in Sources */,
				30FA66BE24390F9A002C9595 /* Response.swift in Sources */,
				A321CFCD23CB88E00013E851 /* UIImageViewExtension.swift in Sources */,
				3097E6682439024A009AC21D /* SearchServiceImpl.swift in Sources */,
				A3A381ED23C3787F00C02ABD /* GameSearchViewController.swift in Sources */,
				A321CFCB23CB7CD10013E851 /* GameSearchTableViewCell.swift in Sources */,
				3097E66624390213009AC21D /* SearchService.swift in Sources */,
			);
			runOnlyForDeploymentPostprocessing = 0;
		};
		A3A381C923C2399300C02ABD /* Sources */ = {
			isa = PBXSourcesBuildPhase;
			buildActionMask = 2147483647;
			files = (
				30C12F83244780F60060AC86 /* GameSearchViewControllerTest.swift in Sources */,
				A3A381D223C2399300C02ABD /* GameStarDBTests.swift in Sources */,
			);
			runOnlyForDeploymentPostprocessing = 0;
		};
		A3A381D423C2399300C02ABD /* Sources */ = {
			isa = PBXSourcesBuildPhase;
			buildActionMask = 2147483647;
			files = (
				A3A381DD23C2399300C02ABD /* GameStarDBUITests.swift in Sources */,
			);
			runOnlyForDeploymentPostprocessing = 0;
		};
/* End PBXSourcesBuildPhase section */

/* Begin PBXTargetDependency section */
		A3A381CF23C2399300C02ABD /* PBXTargetDependency */ = {
			isa = PBXTargetDependency;
			target = A3A381B623C2398E00C02ABD /* GameStarDB */;
			targetProxy = A3A381CE23C2399300C02ABD /* PBXContainerItemProxy */;
		};
		A3A381DA23C2399300C02ABD /* PBXTargetDependency */ = {
			isa = PBXTargetDependency;
			target = A3A381B623C2398E00C02ABD /* GameStarDB */;
			targetProxy = A3A381D923C2399300C02ABD /* PBXContainerItemProxy */;
		};
/* End PBXTargetDependency section */

/* Begin PBXVariantGroup section */
		A3A381C023C2398E00C02ABD /* GameSearchViewController.storyboard */ = {
			isa = PBXVariantGroup;
			children = (
				A3A381C123C2398E00C02ABD /* Base */,
			);
			name = GameSearchViewController.storyboard;
			sourceTree = "<group>";
		};
		A3A381C523C2399300C02ABD /* LaunchScreen.storyboard */ = {
			isa = PBXVariantGroup;
			children = (
				A3A381C623C2399300C02ABD /* Base */,
			);
			name = LaunchScreen.storyboard;
			sourceTree = "<group>";
		};
/* End PBXVariantGroup section */

/* Begin XCBuildConfiguration section */
		A3A381DF23C2399300C02ABD /* Debug */ = {
			isa = XCBuildConfiguration;
			buildSettings = {
				ALWAYS_SEARCH_USER_PATHS = NO;
				CLANG_ANALYZER_NONNULL = YES;
				CLANG_ANALYZER_NUMBER_OBJECT_CONVERSION = YES_AGGRESSIVE;
				CLANG_CXX_LANGUAGE_STANDARD = "gnu++14";
				CLANG_CXX_LIBRARY = "libc++";
				CLANG_ENABLE_MODULES = YES;
				CLANG_ENABLE_OBJC_ARC = YES;
				CLANG_ENABLE_OBJC_WEAK = YES;
				CLANG_WARN_BLOCK_CAPTURE_AUTORELEASING = YES;
				CLANG_WARN_BOOL_CONVERSION = YES;
				CLANG_WARN_COMMA = YES;
				CLANG_WARN_CONSTANT_CONVERSION = YES;
				CLANG_WARN_DEPRECATED_OBJC_IMPLEMENTATIONS = YES;
				CLANG_WARN_DIRECT_OBJC_ISA_USAGE = YES_ERROR;
				CLANG_WARN_DOCUMENTATION_COMMENTS = YES;
				CLANG_WARN_EMPTY_BODY = YES;
				CLANG_WARN_ENUM_CONVERSION = YES;
				CLANG_WARN_INFINITE_RECURSION = YES;
				CLANG_WARN_INT_CONVERSION = YES;
				CLANG_WARN_NON_LITERAL_NULL_CONVERSION = YES;
				CLANG_WARN_OBJC_IMPLICIT_RETAIN_SELF = YES;
				CLANG_WARN_OBJC_LITERAL_CONVERSION = YES;
				CLANG_WARN_OBJC_ROOT_CLASS = YES_ERROR;
				CLANG_WARN_RANGE_LOOP_ANALYSIS = YES;
				CLANG_WARN_STRICT_PROTOTYPES = YES;
				CLANG_WARN_SUSPICIOUS_MOVE = YES;
				CLANG_WARN_UNGUARDED_AVAILABILITY = YES_AGGRESSIVE;
				CLANG_WARN_UNREACHABLE_CODE = YES;
				CLANG_WARN__DUPLICATE_METHOD_MATCH = YES;
				COPY_PHASE_STRIP = NO;
				DEBUG_INFORMATION_FORMAT = dwarf;
				ENABLE_STRICT_OBJC_MSGSEND = YES;
				ENABLE_TESTABILITY = YES;
				GCC_C_LANGUAGE_STANDARD = gnu11;
				GCC_DYNAMIC_NO_PIC = NO;
				GCC_NO_COMMON_BLOCKS = YES;
				GCC_OPTIMIZATION_LEVEL = 0;
				GCC_PREPROCESSOR_DEFINITIONS = (
					"DEBUG=1",
					"$(inherited)",
				);
				GCC_WARN_64_TO_32_BIT_CONVERSION = YES;
				GCC_WARN_ABOUT_RETURN_TYPE = YES_ERROR;
				GCC_WARN_UNDECLARED_SELECTOR = YES;
				GCC_WARN_UNINITIALIZED_AUTOS = YES_AGGRESSIVE;
				GCC_WARN_UNUSED_FUNCTION = YES;
				GCC_WARN_UNUSED_VARIABLE = YES;
				IPHONEOS_DEPLOYMENT_TARGET = 13.2;
				MTL_ENABLE_DEBUG_INFO = INCLUDE_SOURCE;
				MTL_FAST_MATH = YES;
				ONLY_ACTIVE_ARCH = YES;
				SDKROOT = iphoneos;
				SWIFT_ACTIVE_COMPILATION_CONDITIONS = DEBUG;
				SWIFT_OPTIMIZATION_LEVEL = "-Onone";
			};
			name = Debug;
		};
		A3A381E023C2399300C02ABD /* Release */ = {
			isa = XCBuildConfiguration;
			buildSettings = {
				ALWAYS_SEARCH_USER_PATHS = NO;
				CLANG_ANALYZER_NONNULL = YES;
				CLANG_ANALYZER_NUMBER_OBJECT_CONVERSION = YES_AGGRESSIVE;
				CLANG_CXX_LANGUAGE_STANDARD = "gnu++14";
				CLANG_CXX_LIBRARY = "libc++";
				CLANG_ENABLE_MODULES = YES;
				CLANG_ENABLE_OBJC_ARC = YES;
				CLANG_ENABLE_OBJC_WEAK = YES;
				CLANG_WARN_BLOCK_CAPTURE_AUTORELEASING = YES;
				CLANG_WARN_BOOL_CONVERSION = YES;
				CLANG_WARN_COMMA = YES;
				CLANG_WARN_CONSTANT_CONVERSION = YES;
				CLANG_WARN_DEPRECATED_OBJC_IMPLEMENTATIONS = YES;
				CLANG_WARN_DIRECT_OBJC_ISA_USAGE = YES_ERROR;
				CLANG_WARN_DOCUMENTATION_COMMENTS = YES;
				CLANG_WARN_EMPTY_BODY = YES;
				CLANG_WARN_ENUM_CONVERSION = YES;
				CLANG_WARN_INFINITE_RECURSION = YES;
				CLANG_WARN_INT_CONVERSION = YES;
				CLANG_WARN_NON_LITERAL_NULL_CONVERSION = YES;
				CLANG_WARN_OBJC_IMPLICIT_RETAIN_SELF = YES;
				CLANG_WARN_OBJC_LITERAL_CONVERSION = YES;
				CLANG_WARN_OBJC_ROOT_CLASS = YES_ERROR;
				CLANG_WARN_RANGE_LOOP_ANALYSIS = YES;
				CLANG_WARN_STRICT_PROTOTYPES = YES;
				CLANG_WARN_SUSPICIOUS_MOVE = YES;
				CLANG_WARN_UNGUARDED_AVAILABILITY = YES_AGGRESSIVE;
				CLANG_WARN_UNREACHABLE_CODE = YES;
				CLANG_WARN__DUPLICATE_METHOD_MATCH = YES;
				COPY_PHASE_STRIP = NO;
				DEBUG_INFORMATION_FORMAT = "dwarf-with-dsym";
				ENABLE_NS_ASSERTIONS = NO;
				ENABLE_STRICT_OBJC_MSGSEND = YES;
				GCC_C_LANGUAGE_STANDARD = gnu11;
				GCC_NO_COMMON_BLOCKS = YES;
				GCC_WARN_64_TO_32_BIT_CONVERSION = YES;
				GCC_WARN_ABOUT_RETURN_TYPE = YES_ERROR;
				GCC_WARN_UNDECLARED_SELECTOR = YES;
				GCC_WARN_UNINITIALIZED_AUTOS = YES_AGGRESSIVE;
				GCC_WARN_UNUSED_FUNCTION = YES;
				GCC_WARN_UNUSED_VARIABLE = YES;
				IPHONEOS_DEPLOYMENT_TARGET = 13.2;
				MTL_ENABLE_DEBUG_INFO = NO;
				MTL_FAST_MATH = YES;
				SDKROOT = iphoneos;
				SWIFT_COMPILATION_MODE = wholemodule;
				SWIFT_OPTIMIZATION_LEVEL = "-O";
				VALIDATE_PRODUCT = YES;
			};
			name = Release;
		};
		A3A381E223C2399300C02ABD /* Debug */ = {
			isa = XCBuildConfiguration;
			baseConfigurationReference = 0E0359C9E3631B2CBD3C9F6F /* Pods-GameStarDB.debug.xcconfig */;
			buildSettings = {
				ASSETCATALOG_COMPILER_APPICON_NAME = AppIcon;
				CODE_SIGN_STYLE = Automatic;
				CURRENT_PROJECT_VERSION = 1;
				DEVELOPMENT_TEAM = 4V3XH5MN23;
				INFOPLIST_FILE = GameStarDB/SupportingFiles/Info.plist;
				IPHONEOS_DEPLOYMENT_TARGET = 13.0;
				LD_RUNPATH_SEARCH_PATHS = (
					"$(inherited)",
					"@executable_path/Frameworks",
				);
				MARKETING_VERSION = 1;
				PRODUCT_BUNDLE_IDENTIFIER = com.osadchuk.GameStarDB;
				PRODUCT_NAME = "$(TARGET_NAME)";
				SWIFT_VERSION = 5.0;
				TARGETED_DEVICE_FAMILY = "1,2";
			};
			name = Debug;
		};
		A3A381E323C2399300C02ABD /* Release */ = {
			isa = XCBuildConfiguration;
			baseConfigurationReference = 4ACBFE9001AA17AEC645FDA3 /* Pods-GameStarDB.release.xcconfig */;
			buildSettings = {
				ASSETCATALOG_COMPILER_APPICON_NAME = AppIcon;
				CODE_SIGN_STYLE = Automatic;
				CURRENT_PROJECT_VERSION = 1;
				DEVELOPMENT_TEAM = 4V3XH5MN23;
				INFOPLIST_FILE = GameStarDB/SupportingFiles/Info.plist;
				IPHONEOS_DEPLOYMENT_TARGET = 13.0;
				LD_RUNPATH_SEARCH_PATHS = (
					"$(inherited)",
					"@executable_path/Frameworks",
				);
				MARKETING_VERSION = 1;
				PRODUCT_BUNDLE_IDENTIFIER = com.osadchuk.GameStarDB;
				PRODUCT_NAME = "$(TARGET_NAME)";
				SWIFT_VERSION = 5.0;
				TARGETED_DEVICE_FAMILY = "1,2";
			};
			name = Release;
		};
		A3A381E523C2399300C02ABD /* Debug */ = {
			isa = XCBuildConfiguration;
			baseConfigurationReference = A5FE303FA31D6569C4759A74 /* Pods-GameStarDBTests.debug.xcconfig */;
			buildSettings = {
				ALWAYS_EMBED_SWIFT_STANDARD_LIBRARIES = YES;
				BUNDLE_LOADER = "$(TEST_HOST)";
				CODE_SIGN_STYLE = Automatic;
				DEVELOPMENT_TEAM = 4V3XH5MN23;
				INFOPLIST_FILE = GameStarDBTests/Info.plist;
				IPHONEOS_DEPLOYMENT_TARGET = 13.2;
				LD_RUNPATH_SEARCH_PATHS = (
					"$(inherited)",
					"@executable_path/Frameworks",
					"@loader_path/Frameworks",
				);
				PRODUCT_BUNDLE_IDENTIFIER = com.osadchuk.GameStarDBTests;
				PRODUCT_NAME = "$(TARGET_NAME)";
				SWIFT_VERSION = 5.0;
				TARGETED_DEVICE_FAMILY = "1,2";
				TEST_HOST = "$(BUILT_PRODUCTS_DIR)/GameStarDB.app/GameStarDB";
			};
			name = Debug;
		};
		A3A381E623C2399300C02ABD /* Release */ = {
			isa = XCBuildConfiguration;
			baseConfigurationReference = E8C5EA99668F8FE7103BFE2E /* Pods-GameStarDBTests.release.xcconfig */;
			buildSettings = {
				ALWAYS_EMBED_SWIFT_STANDARD_LIBRARIES = YES;
				BUNDLE_LOADER = "$(TEST_HOST)";
				CODE_SIGN_STYLE = Automatic;
				DEVELOPMENT_TEAM = 4V3XH5MN23;
				INFOPLIST_FILE = GameStarDBTests/Info.plist;
				IPHONEOS_DEPLOYMENT_TARGET = 13.2;
				LD_RUNPATH_SEARCH_PATHS = (
					"$(inherited)",
					"@executable_path/Frameworks",
					"@loader_path/Frameworks",
				);
				PRODUCT_BUNDLE_IDENTIFIER = com.osadchuk.GameStarDBTests;
				PRODUCT_NAME = "$(TARGET_NAME)";
				SWIFT_VERSION = 5.0;
				TARGETED_DEVICE_FAMILY = "1,2";
				TEST_HOST = "$(BUILT_PRODUCTS_DIR)/GameStarDB.app/GameStarDB";
			};
			name = Release;
		};
		A3A381E823C2399300C02ABD /* Debug */ = {
			isa = XCBuildConfiguration;
			baseConfigurationReference = F5D36F06BAA90AAC6F658FBF /* Pods-GameStarDB-GameStarDBUITests.debug.xcconfig */;
			buildSettings = {
				ALWAYS_EMBED_SWIFT_STANDARD_LIBRARIES = YES;
				CODE_SIGN_STYLE = Automatic;
				DEVELOPMENT_TEAM = 4V3XH5MN23;
				INFOPLIST_FILE = GameStarDBUITests/Info.plist;
				LD_RUNPATH_SEARCH_PATHS = (
					"$(inherited)",
					"@executable_path/Frameworks",
					"@loader_path/Frameworks",
				);
				PRODUCT_BUNDLE_IDENTIFIER = com.osadchuk.GameStarDBUITests;
				PRODUCT_NAME = "$(TARGET_NAME)";
				SWIFT_VERSION = 5.0;
				TARGETED_DEVICE_FAMILY = "1,2";
				TEST_TARGET_NAME = GameStarDB;
			};
			name = Debug;
		};
		A3A381E923C2399300C02ABD /* Release */ = {
			isa = XCBuildConfiguration;
			baseConfigurationReference = 8CE08F623813FD643A130D20 /* Pods-GameStarDB-GameStarDBUITests.release.xcconfig */;
			buildSettings = {
				ALWAYS_EMBED_SWIFT_STANDARD_LIBRARIES = YES;
				CODE_SIGN_STYLE = Automatic;
				DEVELOPMENT_TEAM = 4V3XH5MN23;
				INFOPLIST_FILE = GameStarDBUITests/Info.plist;
				LD_RUNPATH_SEARCH_PATHS = (
					"$(inherited)",
					"@executable_path/Frameworks",
					"@loader_path/Frameworks",
				);
				PRODUCT_BUNDLE_IDENTIFIER = com.osadchuk.GameStarDBUITests;
				PRODUCT_NAME = "$(TARGET_NAME)";
				SWIFT_VERSION = 5.0;
				TARGETED_DEVICE_FAMILY = "1,2";
				TEST_TARGET_NAME = GameStarDB;
			};
			name = Release;
		};
/* End XCBuildConfiguration section */

/* Begin XCConfigurationList section */
		A3A381B223C2398E00C02ABD /* Build configuration list for PBXProject "GameStarDB" */ = {
			isa = XCConfigurationList;
			buildConfigurations = (
				A3A381DF23C2399300C02ABD /* Debug */,
				A3A381E023C2399300C02ABD /* Release */,
			);
			defaultConfigurationIsVisible = 0;
			defaultConfigurationName = Release;
		};
		A3A381E123C2399300C02ABD /* Build configuration list for PBXNativeTarget "GameStarDB" */ = {
			isa = XCConfigurationList;
			buildConfigurations = (
				A3A381E223C2399300C02ABD /* Debug */,
				A3A381E323C2399300C02ABD /* Release */,
			);
			defaultConfigurationIsVisible = 0;
			defaultConfigurationName = Release;
		};
		A3A381E423C2399300C02ABD /* Build configuration list for PBXNativeTarget "GameStarDBTests" */ = {
			isa = XCConfigurationList;
			buildConfigurations = (
				A3A381E523C2399300C02ABD /* Debug */,
				A3A381E623C2399300C02ABD /* Release */,
			);
			defaultConfigurationIsVisible = 0;
			defaultConfigurationName = Release;
		};
		A3A381E723C2399300C02ABD /* Build configuration list for PBXNativeTarget "GameStarDBUITests" */ = {
			isa = XCConfigurationList;
			buildConfigurations = (
				A3A381E823C2399300C02ABD /* Debug */,
				A3A381E923C2399300C02ABD /* Release */,
			);
			defaultConfigurationIsVisible = 0;
			defaultConfigurationName = Release;
		};
/* End XCConfigurationList section */
	};
	rootObject = A3A381AF23C2398E00C02ABD /* Project object */;
}
